
Microsoft Visual Studio Solution File, Format Version 12.00
# Visual Studio Version 16
VisualStudioVersion = 16.0.30503.244
MinimumVisualStudioVersion = 10.0.40219.1
Project("{FAE04EC0-301F-11D3-BF4B-00C04F79EFBC}") = "DesafioDuplasComListas", "DesafioDuplasComListas\DesafioDuplasComListas.csproj", "{019627D1-2F47-4084-80E5-EE5D28EDC398}"
EndProject
Global
	GlobalSection(SolutionConfigurationPlatforms) = preSolution
		Debug|Any CPU = Debug|Any CPU
		Release|Any CPU = Release|Any CPU
	EndGlobalSection
	GlobalSection(ProjectConfigurationPlatforms) = postSolution
		{019627D1-2F47-4084-80E5-EE5D28EDC398}.Debug|Any CPU.ActiveCfg = Debug|Any CPU
		{019627D1-2F47-4084-80E5-EE5D28EDC398}.Debug|Any CPU.Build.0 = Debug|Any CPU
		{019627D1-2F47-4084-80E5-EE5D28EDC398}.Release|Any CPU.ActiveCfg = Release|Any CPU
		{019627D1-2F47-4084-80E5-EE5D28EDC398}.Release|Any CPU.Build.0 = Release|Any CPU
	EndGlobalSection
	GlobalSection(SolutionProperties) = preSolution
		HideSolutionNode = FALSE
	EndGlobalSection
	GlobalSection(ExtensibilityGlobals) = postSolution
		SolutionGuid = {8DEA560C-0C89-414C-A552-FC394B0E0935}
	EndGlobalSection
EndGlobal
