
Microsoft Visual Studio Solution File, Format Version 12.00
# Visual Studio Version 16
VisualStudioVersion = 16.0.30503.244
MinimumVisualStudioVersion = 10.0.40219.1
Project("{FAE04EC0-301F-11D3-BF4B-00C04F79EFBC}") = "RecursividadeEX03", "RecursividadeEX03\RecursividadeEX03.csproj", "{ADFEF89F-61CD-4131-AA41-D29BAD8509AA}"
EndProject
Global
	GlobalSection(SolutionConfigurationPlatforms) = preSolution
		Debug|Any CPU = Debug|Any CPU
		Release|Any CPU = Release|Any CPU
	EndGlobalSection
	GlobalSection(ProjectConfigurationPlatforms) = postSolution
		{ADFEF89F-61CD-4131-AA41-D29BAD8509AA}.Debug|Any CPU.ActiveCfg = Debug|Any CPU
		{ADFEF89F-61CD-4131-AA41-D29BAD8509AA}.Debug|Any CPU.Build.0 = Debug|Any CPU
		{ADFEF89F-61CD-4131-AA41-D29BAD8509AA}.Release|Any CPU.ActiveCfg = Release|Any CPU
		{ADFEF89F-61CD-4131-AA41-D29BAD8509AA}.Release|Any CPU.Build.0 = Release|Any CPU
	EndGlobalSection
	GlobalSection(SolutionProperties) = preSolution
		HideSolutionNode = FALSE
	EndGlobalSection
	GlobalSection(ExtensibilityGlobals) = postSolution
		SolutionGuid = {E84EF326-ED83-41BF-8807-2A699DD18321}
	EndGlobalSection
EndGlobal
