
Microsoft Visual Studio Solution File, Format Version 12.00
# Visual Studio Version 16
VisualStudioVersion = 16.0.30503.244
MinimumVisualStudioVersion = 10.0.40219.1
Project("{FAE04EC0-301F-11D3-BF4B-00C04F79EFBC}") = "EX03Listas", "EX03Listas\EX03Listas.csproj", "{A059A242-A180-4DFA-AB7F-44BFFBAC1791}"
EndProject
Global
	GlobalSection(SolutionConfigurationPlatforms) = preSolution
		Debug|Any CPU = Debug|Any CPU
		Release|Any CPU = Release|Any CPU
	EndGlobalSection
	GlobalSection(ProjectConfigurationPlatforms) = postSolution
		{A059A242-A180-4DFA-AB7F-44BFFBAC1791}.Debug|Any CPU.ActiveCfg = Debug|Any CPU
		{A059A242-A180-4DFA-AB7F-44BFFBAC1791}.Debug|Any CPU.Build.0 = Debug|Any CPU
		{A059A242-A180-4DFA-AB7F-44BFFBAC1791}.Release|Any CPU.ActiveCfg = Release|Any CPU
		{A059A242-A180-4DFA-AB7F-44BFFBAC1791}.Release|Any CPU.Build.0 = Release|Any CPU
	EndGlobalSection
	GlobalSection(SolutionProperties) = preSolution
		HideSolutionNode = FALSE
	EndGlobalSection
	GlobalSection(ExtensibilityGlobals) = postSolution
		SolutionGuid = {253790FA-5B9D-4306-B5B1-90EB19193FC2}
	EndGlobalSection
EndGlobal
