
Microsoft Visual Studio Solution File, Format Version 12.00
# Visual Studio Version 16
VisualStudioVersion = 16.0.30503.244
MinimumVisualStudioVersion = 10.0.40219.1
Project("{FAE04EC0-301F-11D3-BF4B-00C04F79EFBC}") = "RecursividadeEX01", "RecursividadeEX01\RecursividadeEX01.csproj", "{CC9AB23E-A363-42D9-96C5-500B26DFB892}"
EndProject
Global
	GlobalSection(SolutionConfigurationPlatforms) = preSolution
		Debug|Any CPU = Debug|Any CPU
		Release|Any CPU = Release|Any CPU
	EndGlobalSection
	GlobalSection(ProjectConfigurationPlatforms) = postSolution
		{CC9AB23E-A363-42D9-96C5-500B26DFB892}.Debug|Any CPU.ActiveCfg = Debug|Any CPU
		{CC9AB23E-A363-42D9-96C5-500B26DFB892}.Debug|Any CPU.Build.0 = Debug|Any CPU
		{CC9AB23E-A363-42D9-96C5-500B26DFB892}.Release|Any CPU.ActiveCfg = Release|Any CPU
		{CC9AB23E-A363-42D9-96C5-500B26DFB892}.Release|Any CPU.Build.0 = Release|Any CPU
	EndGlobalSection
	GlobalSection(SolutionProperties) = preSolution
		HideSolutionNode = FALSE
	EndGlobalSection
	GlobalSection(ExtensibilityGlobals) = postSolution
		SolutionGuid = {DB8CE2FA-56E6-4C5C-AD05-1165B40B8ECC}
	EndGlobalSection
EndGlobal
