
Microsoft Visual Studio Solution File, Format Version 12.00
# Visual Studio Version 16
VisualStudioVersion = 16.0.30503.244
MinimumVisualStudioVersion = 10.0.40219.1
Project("{FAE04EC0-301F-11D3-BF4B-00C04F79EFBC}") = "EX02-Lista", "EX02-Lista\EX02-Lista.csproj", "{B6A68EBC-345A-4255-A8DE-E75DDFDFC295}"
EndProject
Global
	GlobalSection(SolutionConfigurationPlatforms) = preSolution
		Debug|Any CPU = Debug|Any CPU
		Release|Any CPU = Release|Any CPU
	EndGlobalSection
	GlobalSection(ProjectConfigurationPlatforms) = postSolution
		{B6A68EBC-345A-4255-A8DE-E75DDFDFC295}.Debug|Any CPU.ActiveCfg = Debug|Any CPU
		{B6A68EBC-345A-4255-A8DE-E75DDFDFC295}.Debug|Any CPU.Build.0 = Debug|Any CPU
		{B6A68EBC-345A-4255-A8DE-E75DDFDFC295}.Release|Any CPU.ActiveCfg = Release|Any CPU
		{B6A68EBC-345A-4255-A8DE-E75DDFDFC295}.Release|Any CPU.Build.0 = Release|Any CPU
	EndGlobalSection
	GlobalSection(SolutionProperties) = preSolution
		HideSolutionNode = FALSE
	EndGlobalSection
	GlobalSection(ExtensibilityGlobals) = postSolution
		SolutionGuid = {61F6850A-6D5F-4C3F-964B-E9EE13AFBEDF}
	EndGlobalSection
EndGlobal
